{
    "hash": "b2c16be9c62a7ab4ed21fef050a58127",
    "packages": [
        {
            "package": "doctrine/common",
            "version": "2.2.2"
        },
        {
            "package": "doctrine/dbal",
            "version": "2.2.x-dev",
            "source-reference": "8cc129aa64a8de6447056bce20f0a274fe2a340b"
        },
        {
            "package": "doctrine/doctrine-bundle",
            "version": "dev-master",
            "source-reference": "94951737d6c692500d6b13bb92871935568a4ba5"
        },
        {
            "package": "doctrine/mongodb",
            "version": "dev-master",
            "source-reference": "b5c5d0499f4db2531de6eea54d38b75e485ceef4"
        },
        {
            "package": "doctrine/mongodb-odm",
            "version": "dev-master",
            "source-reference": "774e6b5631cca44c982f6c08c2fd97d92925c177"
        },
        {
            "package": "doctrine/mongodb-odm-bundle",
            "version": "dev-master",
            "source-reference": "837477603f35c2b59bf97765d766feab3432dd98"
        },
        {
            "package": "doctrine/orm",
            "version": "2.2.x-dev",
            "source-reference": "5f66c65c9a8d984899903b54215d0249a45b92d6"
        },
        {
            "package": "kriswallsmith/assetic",
            "version": "dev-master",
            "alias-pretty-version": "1.1.x-dev",
            "alias-version": "1.1.9999999.9999999-dev"
        },
        {
            "package": "kriswallsmith/assetic",
            "version": "dev-master",
            "source-reference": "d6f89a3170c5280ad554347dc113eb25fdf00ad7"
        },
        {
            "package": "monolog/monolog",
            "version": "1.1.0"
        },
        {
            "package": "sensio/distribution-bundle",
            "version": "dev-master",
            "source-reference": "cf64fbe0d4cd0d6b88b2018efb037f18a0753271"
        },
        {
            "package": "swiftmailer/swiftmailer",
            "version": "dev-master",
            "alias-pretty-version": "4.1.x-dev",
            "alias-version": "4.1.9999999.9999999-dev"
        },
        {
            "package": "swiftmailer/swiftmailer",
            "version": "dev-master",
            "source-reference": "d57ffdeed664d6061cef0047e1f5d3fc3ee3fb99"
        },
        {
            "package": "symfony/assetic-bundle",
            "version": "dev-master",
            "source-reference": "8fe7b898b08103c1d6fce64c3e279a7afd61adfc"
        },
        {
            "package": "symfony/monolog-bundle",
            "version": "dev-master",
            "source-reference": "0b5046d3d1ef93cd59ceabfa37de2665f5118c7f"
        },
        {
            "package": "symfony/swiftmailer-bundle",
            "version": "dev-master",
            "source-reference": "d05c9c514a631ee688c53c4cc5505da757bd50d3"
        },
        {
            "package": "symfony/symfony",
            "version": "dev-master",
            "alias-pretty-version": "2.1.x-dev",
            "alias-version": "2.1.9999999.9999999-dev"
        },
        {
            "package": "symfony/symfony",
            "version": "dev-master",
            "source-reference": "55c6df995fd89a76ae09068da806eb9ae5e4a2e0"
        },
        {
            "package": "twig/extensions",
            "version": "dev-master",
            "source-reference": "feb6d3f10c411e2631997c0a905aa581c80305c1"
        },
        {
            "package": "twig/twig",
            "version": "dev-master",
            "alias-pretty-version": "1.8.x-dev",
            "alias-version": "1.8.9999999.9999999-dev"
        },
        {
            "package": "twig/twig",
            "version": "dev-master",
            "source-reference": "4679ad51c5390648b7ea4c8f0ecd2c0c344145ba"
        }
    ],
    "packages-dev": null,
    "aliases": [

    ],
    "minimum-stability": "dev",
    "stability-flags": {
        "doctrine/doctrine-bundle": 20,
        "doctrine/mongodb-odm-bundle": 20,
        "twig/extensions": 20,
        "symfony/assetic-bundle": 20,
        "symfony/swiftmailer-bundle": 20,
        "symfony/monolog-bundle": 20,
        "sensio/distribution-bundle": 20
    }
}
